DEPENDENCIES
  load-generator
    path: .
    metadata: true

GRAPH
  7-zip (1.0.2)
    windows (>= 1.2.2)
  apt (2.7.0)
  ark (0.9.0)
    7-zip (>= 0.0.0)
    windows (>= 0.0.0)
  bluepill (2.4.3)
    rsyslog (>= 2.0)
  build-essential (2.4.0)
    7-zip (>= 0.0.0)
  compat_resource (12.16.3)
  database (6.1.1)
    postgresql (>= 1.0.0)
  dmg (3.0.0)
  git (4.2.4)
    build-essential (>= 0.0.0)
    dmg (>= 0.0.0)
    windows (>= 0.0.0)
    yum-epel (>= 0.0.0)
  load-generator (0.1.1)
    apt (~> 2.7.0)
    ark (~> 0.9.0)
    database (~> 6.1.1)
    git (~> 4.2.2)
    nginx (~> 2.7.6)
    openssl (~> 6.0.0)
    postgresql (~> 6.0.1)
    rbenv (~> 1.7.1)
    sudo (~> 2.7.1)
  nginx (2.7.6)
    apt (~> 2.2)
    bluepill (~> 2.3)
    build-essential (~> 2.0)
    ohai (~> 2.0)
    runit (~> 1.2)
    yum-epel (~> 0.3)
  ohai (2.1.0)
  openssl (6.0.0)
  packagecloud (0.2.5)
  postgresql (6.0.1)
    build-essential (>= 2.0.0)
    compat_resource (>= 12.16.3)
    openssl (>= 4.0)
  rbenv (1.7.1)
    apt (>= 0.0.0)
    build-essential (>= 0.0.0)
    git (>= 0.0.0)
    ohai (>= 1.1)
  rsyslog (5.1.0)
    compat_resource (>= 12.14.6)
  runit (1.8.0)
    packagecloud (>= 0.0.0)
    yum-epel (>= 0.0.0)
  sudo (2.7.2)
  windows (2.0.2)
  yum (4.1.0)
  yum-epel (0.7.1)
    yum (>= 3.6.3)
