DEPENDENCIES
  jmeter
    path: .
    metadata: true

GRAPH
  apt (5.0.1)
    compat_resource (>= 12.16.3)
  ark (2.2.1)
    build-essential (>= 0.0.0)
    seven_zip (>= 0.0.0)
    windows (>= 0.0.0)
  build-essential (8.0.0)
    mingw (>= 1.1)
    seven_zip (>= 0.0.0)
  compat_resource (12.16.3)
  jmeter (0.1.1)
    apt (~> 5.0.1)
    ark (~> 2.2.1)
    poise-service (~> 1.4.2)
  mingw (2.0.0)
    seven_zip (>= 0.0.0)
  ohai (5.0.0)
  poise (2.7.2)
  poise-service (1.4.2)
    poise (~> 2.0)
  seven_zip (2.0.2)
    windows (>= 1.2.2)
  windows (2.1.1)
    ohai (>= 4.0.0)
